
Microsoft Visual Studio Solution File, Format Version 12.00
# Visual Studio Version 16
VisualStudioVersion = 16.0.31729.503
MinimumVisualStudioVersion = 10.0.40219.1
Project("{FAE04EC0-301F-11D3-BF4B-00C04F79EFBC}") = "nov1", "nov1\nov1.csproj", "{5F5866BC-C7E0-4FC2-836C-8C6260AA846D}"
EndProject
Global
	GlobalSection(SolutionConfigurationPlatforms) = preSolution
		Debug|Any CPU = Debug|Any CPU
		Release|Any CPU = Release|Any CPU
	EndGlobalSection
	GlobalSection(ProjectConfigurationPlatforms) = postSolution
		{5F5866BC-C7E0-4FC2-836C-8C6260AA846D}.Debug|Any CPU.ActiveCfg = Debug|Any CPU
		{5F5866BC-C7E0-4FC2-836C-8C6260AA846D}.Debug|Any CPU.Build.0 = Debug|Any CPU
		{5F5866BC-C7E0-4FC2-836C-8C6260AA846D}.Release|Any CPU.ActiveCfg = Release|Any CPU
		{5F5866BC-C7E0-4FC2-836C-8C6260AA846D}.Release|Any CPU.Build.0 = Release|Any CPU
	EndGlobalSection
	GlobalSection(SolutionProperties) = preSolution
		HideSolutionNode = FALSE
	EndGlobalSection
	GlobalSection(ExtensibilityGlobals) = postSolution
		SolutionGuid = {0A4123E3-29FD-43BE-95AC-99F1D298F22E}
	EndGlobalSection
EndGlobal
